
Microsoft Visual Studio Solution File, Format Version 12.00
# Visual Studio Version 16
VisualStudioVersion = 16.0.31605.320
MinimumVisualStudioVersion = 10.0.40219.1
Project("{FAE04EC0-301F-11D3-BF4B-00C04F79EFBC}") = "CommonAlertingServer", "CommonAlertingServer\CommonAlertingServer.csproj", "{F1A24B4D-1867-443C-8E2D-B775A2C0689C}"
EndProject
Global
	GlobalSection(SolutionConfigurationPlatforms) = preSolution
		Debug|Any CPU = Debug|Any CPU
		Release|Any CPU = Release|Any CPU
	EndGlobalSection
	GlobalSection(ProjectConfigurationPlatforms) = postSolution
		{F1A24B4D-1867-443C-8E2D-B775A2C0689C}.Debug|Any CPU.ActiveCfg = Debug|Any CPU
		{F1A24B4D-1867-443C-8E2D-B775A2C0689C}.Debug|Any CPU.Build.0 = Debug|Any CPU
		{F1A24B4D-1867-443C-8E2D-B775A2C0689C}.Release|Any CPU.ActiveCfg = Release|Any CPU
		{F1A24B4D-1867-443C-8E2D-B775A2C0689C}.Release|Any CPU.Build.0 = Release|Any CPU
	EndGlobalSection
	GlobalSection(SolutionProperties) = preSolution
		HideSolutionNode = FALSE
	EndGlobalSection
	GlobalSection(ExtensibilityGlobals) = postSolution
		SolutionGuid = {4B47DF93-02F9-4829-9EA1-2F89FE746D21}
	EndGlobalSection
EndGlobal
